<Solution>
  <Folder Name="/Task0/">
    <Project Path="Tyuiu.SoldatovaVP.Sprint0.Task0.V0/Tyuiu.SoldatovaVP.Sprint0.Task0.V0.csproj" />
  </Folder>
  <Folder Name="/Task1/">
    <Project Path="Tyuiu.SoldatovaVP.Sprint0.Task1.V0/Tyuiu.SoldatovaVP.Sprint0.Task1.V0.csproj" />
  </Folder>
  <Folder Name="/Task2/">
    <Project Path="Tyuiu.SoldatovaVP.Sprint0.Task2.V0.Lib/Tyuiu.SoldatovaVP.Sprint0.Task2.V0.Lib.csproj" Id="95493a79-bf1e-47c9-88aa-727179c0d04d" />
    <Project Path="Tyuiu.SoldatovaVP.Sprint0.Task2.V0.Test/Tyuiu.SoldatovaVP.Sprint0.Task2.V0.Test.csproj" Id="b68d118a-1669-4108-951e-a30562a2fb72" />
    <Project Path="Tyuiu.SoldatovaVP.Sprint0.Task2.V0/Tyuiu.SoldatovaVP.Sprint0.Task2.V0.csproj" Id="815967f4-d8de-4fcb-bcd6-990e315a7d19" />
  </Folder>
</Solution>
